
Microsoft Visual Studio Solution File, Format Version 12.00
# Visual Studio Version 16
VisualStudioVersion = 16.0.31515.178
MinimumVisualStudioVersion = 10.0.40219.1
Project("{FAE04EC0-301F-11D3-BF4B-00C04F79EFBC}") = "helsinki1952", "helsinki1952\helsinki1952.csproj", "{A60640CC-DE0B-41B5-8F31-7D496EFF5BC1}"
EndProject
Global
	GlobalSection(SolutionConfigurationPlatforms) = preSolution
		Debug|Any CPU = Debug|Any CPU
		Release|Any CPU = Release|Any CPU
	EndGlobalSection
	GlobalSection(ProjectConfigurationPlatforms) = postSolution
		{A60640CC-DE0B-41B5-8F31-7D496EFF5BC1}.Debug|Any CPU.ActiveCfg = Debug|Any CPU
		{A60640CC-DE0B-41B5-8F31-7D496EFF5BC1}.Debug|Any CPU.Build.0 = Debug|Any CPU
		{A60640CC-DE0B-41B5-8F31-7D496EFF5BC1}.Release|Any CPU.ActiveCfg = Release|Any CPU
		{A60640CC-DE0B-41B5-8F31-7D496EFF5BC1}.Release|Any CPU.Build.0 = Release|Any CPU
	EndGlobalSection
	GlobalSection(SolutionProperties) = preSolution
		HideSolutionNode = FALSE
	EndGlobalSection
	GlobalSection(ExtensibilityGlobals) = postSolution
		SolutionGuid = {F2252C2C-738E-4B0E-B794-ABD957739F48}
	EndGlobalSection
EndGlobal
